// !$*UTF8*$!
{
	archiveVersion = 1;
	classes = {
	};
	objectVersion = 50;
	objects = {

/* Begin PBXBuildFile section */
		48664602258A274300507274 /* AppDelegate.swift in Sources */ = {isa = PBXBuildFile; fileRef = 48664601258A274300507274 /* AppDelegate.swift */; };
		48664604258A274300507274 /* SceneDelegate.swift in Sources */ = {isa = PBXBuildFile; fileRef = 48664603258A274300507274 /* SceneDelegate.swift */; };
		48664606258A274300507274 /* ViewController.swift in Sources */ = {isa = PBXBuildFile; fileRef = 48664605258A274300507274 /* ViewController.swift */; };
		48664609258A274300507274 /* Main.storyboard in Resources */ = {isa = PBXBuildFile; fileRef = 48664607258A274300507274 /* Main.storyboard */; };
		4866460C258A274300507274 /* test.xcdatamodeld in Sources */ = {isa = PBXBuildFile; fileRef = 4866460A258A274300507274 /* test.xcdatamodeld */; };
		4866460E258A274700507274 /* Assets.xcassets in Resources */ = {isa = PBXBuildFile; fileRef = 4866460D258A274700507274 /* Assets.xcassets */; };
		48664611258A274700507274 /* LaunchScreen.storyboard in Resources */ = {isa = PBXBuildFile; fileRef = 4866460F258A274700507274 /* LaunchScreen.storyboard */; };
		48664619258A28CE00507274 /* CustomTableViewCell.swift in Sources */ = {isa = PBXBuildFile; fileRef = 48664618258A28CE00507274 /* CustomTableViewCell.swift */; };
		4866461B258A2F1200507274 /* PopupAddNote.swift in Sources */ = {isa = PBXBuildFile; fileRef = 4866461A258A2F1200507274 /* PopupAddNote.swift */; };
		4866461D258A38ED00507274 /* Note.swift in Sources */ = {isa = PBXBuildFile; fileRef = 4866461C258A38ED00507274 /* Note.swift */; };
		4866461F258A53A600507274 /* PopupShowNote.swift in Sources */ = {isa = PBXBuildFile; fileRef = 4866461E258A53A600507274 /* PopupShowNote.swift */; };
/* End PBXBuildFile section */

/* Begin PBXFileReference section */
		486645FE258A274300507274 /* test.app */ = {isa = PBXFileReference; explicitFileType = wrapper.application; includeInIndex = 0; path = test.app; sourceTree = BUILT_PRODUCTS_DIR; };
		48664601258A274300507274 /* AppDelegate.swift */ = {isa = PBXFileReference; lastKnownFileType = sourcecode.swift; path = AppDelegate.swift; sourceTree = "<group>"; };
		48664603258A274300507274 /* SceneDelegate.swift */ = {isa = PBXFileReference; lastKnownFileType = sourcecode.swift; path = SceneDelegate.swift; sourceTree = "<group>"; };
		48664605258A274300507274 /* ViewController.swift */ = {isa = PBXFileReference; lastKnownFileType = sourcecode.swift; path = ViewController.swift; sourceTree = "<group>"; };
		48664608258A274300507274 /* Base */ = {isa = PBXFileReference; lastKnownFileType = file.storyboard; name = Base; path = Base.lproj/Main.storyboard; sourceTree = "<group>"; };
		4866460B258A274300507274 /* test.xcdatamodel */ = {isa = PBXFileReference; lastKnownFileType = wrapper.xcdatamodel; path = test.xcdatamodel; sourceTree = "<group>"; };
		4866460D258A274700507274 /* Assets.xcassets */ = {isa = PBXFileReference; lastKnownFileType = folder.assetcatalog; path = Assets.xcassets; sourceTree = "<group>"; };
		48664610258A274700507274 /* Base */ = {isa = PBXFileReference; lastKnownFileType = file.storyboard; name = Base; path = Base.lproj/LaunchScreen.storyboard; sourceTree = "<group>"; };
		48664612258A274700507274 /* Info.plist */ = {isa = PBXFileReference; lastKnownFileType = text.plist.xml; path = Info.plist; sourceTree = "<group>"; };
		48664618258A28CE00507274 /* CustomTableViewCell.swift */ = {isa = PBXFileReference; lastKnownFileType = sourcecode.swift; path = CustomTableViewCell.swift; sourceTree = "<group>"; };
		4866461A258A2F1200507274 /* PopupAddNote.swift */ = {isa = PBXFileReference; lastKnownFileType = sourcecode.swift; path = PopupAddNote.swift; sourceTree = "<group>"; };
		4866461C258A38ED00507274 /* Note.swift */ = {isa = PBXFileReference; lastKnownFileType = sourcecode.swift; path = Note.swift; sourceTree = "<group>"; };
		4866461E258A53A600507274 /* PopupShowNote.swift */ = {isa = PBXFileReference; lastKnownFileType = sourcecode.swift; path = PopupShowNote.swift; sourceTree = "<group>"; };
/* End PBXFileReference section */

/* Begin PBXFrameworksBuildPhase section */
		486645FB258A274300507274 /* Frameworks */ = {
			isa = PBXFrameworksBuildPhase;
			buildActionMask = 2147483647;
			files = (
			);
			runOnlyForDeploymentPostprocessing = 0;
		};
/* End PBXFrameworksBuildPhase section */

/* Begin PBXGroup section */
		486645F5258A274300507274 = {
			isa = PBXGroup;
			children = (
				48664600258A274300507274 /* test */,
				486645FF258A274300507274 /* Products */,
			);
			sourceTree = "<group>";
		};
		486645FF258A274300507274 /* Products */ = {
			isa = PBXGroup;
			children = (
				486645FE258A274300507274 /* test.app */,
			);
			name = Products;
			sourceTree = "<group>";
		};
		48664600258A274300507274 /* test */ = {
			isa = PBXGroup;
			children = (
				48664601258A274300507274 /* AppDelegate.swift */,
				48664603258A274300507274 /* SceneDelegate.swift */,
				48664605258A274300507274 /* ViewController.swift */,
				4866461E258A53A600507274 /* PopupShowNote.swift */,
				4866461A258A2F1200507274 /* PopupAddNote.swift */,
				48664618258A28CE00507274 /* CustomTableViewCell.swift */,
				48664607258A274300507274 /* Main.storyboard */,
				4866460D258A274700507274 /* Assets.xcassets */,
				4866460F258A274700507274 /* LaunchScreen.storyboard */,
				48664612258A274700507274 /* Info.plist */,
				4866460A258A274300507274 /* test.xcdatamodeld */,
				4866461C258A38ED00507274 /* Note.swift */,
			);
			path = test;
			sourceTree = "<group>";
		};
/* End PBXGroup section */

/* Begin PBXNativeTarget section */
		486645FD258A274300507274 /* test */ = {
			isa = PBXNativeTarget;
			buildConfigurationList = 48664615258A274700507274 /* Build configuration list for PBXNativeTarget "test" */;
			buildPhases = (
				486645FA258A274300507274 /* Sources */,
				486645FB258A274300507274 /* Frameworks */,
				486645FC258A274300507274 /* Resources */,
			);
			buildRules = (
			);
			dependencies = (
			);
			name = test;
			productName = test;
			productReference = 486645FE258A274300507274 /* test.app */;
			productType = "com.apple.product-type.application";
		};
/* End PBXNativeTarget section */

/* Begin PBXProject section */
		486645F6258A274300507274 /* Project object */ = {
			isa = PBXProject;
			attributes = {
				LastSwiftUpdateCheck = 1170;
				LastUpgradeCheck = 1170;
				ORGANIZATIONNAME = Ruslan;
				TargetAttributes = {
					486645FD258A274300507274 = {
						CreatedOnToolsVersion = 11.7;
					};
				};
			};
			buildConfigurationList = 486645F9258A274300507274 /* Build configuration list for PBXProject "test" */;
			compatibilityVersion = "Xcode 9.3";
			developmentRegion = en;
			hasScannedForEncodings = 0;
			knownRegions = (
				en,
				Base,
			);
			mainGroup = 486645F5258A274300507274;
			productRefGroup = 486645FF258A274300507274 /* Products */;
			projectDirPath = "";
			projectRoot = "";
			targets = (
				486645FD258A274300507274 /* test */,
			);
		};
/* End PBXProject section */

/* Begin PBXResourcesBuildPhase section */
		486645FC258A274300507274 /* Resources */ = {
			isa = PBXResourcesBuildPhase;
			buildActionMask = 2147483647;
			files = (
				48664611258A274700507274 /* LaunchScreen.storyboard in Resources */,
				4866460E258A274700507274 /* Assets.xcassets in Resources */,
				48664609258A274300507274 /* Main.storyboard in Resources */,
			);
			runOnlyForDeploymentPostprocessing = 0;
		};
/* End PBXResourcesBuildPhase section */

/* Begin PBXSourcesBuildPhase section */
		486645FA258A274300507274 /* Sources */ = {
			isa = PBXSourcesBuildPhase;
			buildActionMask = 2147483647;
			files = (
				4866461B258A2F1200507274 /* PopupAddNote.swift in Sources */,
				4866461F258A53A600507274 /* PopupShowNote.swift in Sources */,
				48664606258A274300507274 /* ViewController.swift in Sources */,
				4866461D258A38ED00507274 /* Note.swift in Sources */,
				48664619258A28CE00507274 /* CustomTableViewCell.swift in Sources */,
				4866460C258A274300507274 /* test.xcdatamodeld in Sources */,
				48664602258A274300507274 /* AppDelegate.swift in Sources */,
				48664604258A274300507274 /* SceneDelegate.swift in Sources */,
			);
			runOnlyForDeploymentPostprocessing = 0;
		};
/* End PBXSourcesBuildPhase section */

/* Begin PBXVariantGroup section */
		48664607258A274300507274 /* Main.storyboard */ = {
			isa = PBXVariantGroup;
			children = (
				48664608258A274300507274 /* Base */,
			);
			name = Main.storyboard;
			sourceTree = "<group>";
		};
		4866460F258A274700507274 /* LaunchScreen.storyboard */ = {
			isa = PBXVariantGroup;
			children = (
				48664610258A274700507274 /* Base */,
			);
			name = LaunchScreen.storyboard;
			sourceTree = "<group>";
		};
/* End PBXVariantGroup section */

/* Begin XCBuildConfiguration section */
		48664613258A274700507274 /* Debug */ = {
			isa = XCBuildConfiguration;
			buildSettings = {
				ALWAYS_SEARCH_USER_PATHS = NO;
				CLANG_ANALYZER_NONNULL = YES;
				CLANG_ANALYZER_NUMBER_OBJECT_CONVERSION = YES_AGGRESSIVE;
				CLANG_CXX_LANGUAGE_STANDARD = "gnu++14";
				CLANG_CXX_LIBRARY = "libc++";
				CLANG_ENABLE_MODULES = YES;
				CLANG_ENABLE_OBJC_ARC = YES;
				CLANG_ENABLE_OBJC_WEAK = YES;
				CLANG_WARN_BLOCK_CAPTURE_AUTORELEASING = YES;
				CLANG_WARN_BOOL_CONVERSION = YES;
				CLANG_WARN_COMMA = YES;
				CLANG_WARN_CONSTANT_CONVERSION = YES;
				CLANG_WARN_DEPRECATED_OBJC_IMPLEMENTATIONS = YES;
				CLANG_WARN_DIRECT_OBJC_ISA_USAGE = YES_ERROR;
				CLANG_WARN_DOCUMENTATION_COMMENTS = YES;
				CLANG_WARN_EMPTY_BODY = YES;
				CLANG_WARN_ENUM_CONVERSION = YES;
				CLANG_WARN_INFINITE_RECURSION = YES;
				CLANG_WARN_INT_CONVERSION = YES;
				CLANG_WARN_NON_LITERAL_NULL_CONVERSION = YES;
				CLANG_WARN_OBJC_IMPLICIT_RETAIN_SELF = YES;
				CLANG_WARN_OBJC_LITERAL_CONVERSION = YES;
				CLANG_WARN_OBJC_ROOT_CLASS = YES_ERROR;
				CLANG_WARN_RANGE_LOOP_ANALYSIS = YES;
				CLANG_WARN_STRICT_PROTOTYPES = YES;
				CLANG_WARN_SUSPICIOUS_MOVE = YES;
				CLANG_WARN_UNGUARDED_AVAILABILITY = YES_AGGRESSIVE;
				CLANG_WARN_UNREACHABLE_CODE = YES;
				CLANG_WARN__DUPLICATE_METHOD_MATCH = YES;
				COPY_PHASE_STRIP = NO;
				DEBUG_INFORMATION_FORMAT = dwarf;
				ENABLE_STRICT_OBJC_MSGSEND = YES;
				ENABLE_TESTABILITY = YES;
				GCC_C_LANGUAGE_STANDARD = gnu11;
				GCC_DYNAMIC_NO_PIC = NO;
				GCC_NO_COMMON_BLOCKS = YES;
				GCC_OPTIMIZATION_LEVEL = 0;
				GCC_PREPROCESSOR_DEFINITIONS = (
					"DEBUG=1",
					"$(inherited)",
				);
				GCC_WARN_64_TO_32_BIT_CONVERSION = YES;
				GCC_WARN_ABOUT_RETURN_TYPE = YES_ERROR;
				GCC_WARN_UNDECLARED_SELECTOR = YES;
				GCC_WARN_UNINITIALIZED_AUTOS = YES_AGGRESSIVE;
				GCC_WARN_UNUSED_FUNCTION = YES;
				GCC_WARN_UNUSED_VARIABLE = YES;
				IPHONEOS_DEPLOYMENT_TARGET = 13.7;
				MTL_ENABLE_DEBUG_INFO = INCLUDE_SOURCE;
				MTL_FAST_MATH = YES;
				ONLY_ACTIVE_ARCH = YES;
				SDKROOT = iphoneos;
				SWIFT_ACTIVE_COMPILATION_CONDITIONS = DEBUG;
				SWIFT_OPTIMIZATION_LEVEL = "-Onone";
			};
			name = Debug;
		};
		48664614258A274700507274 /* Release */ = {
			isa = XCBuildConfiguration;
			buildSettings = {
				ALWAYS_SEARCH_USER_PATHS = NO;
				CLANG_ANALYZER_NONNULL = YES;
				CLANG_ANALYZER_NUMBER_OBJECT_CONVERSION = YES_AGGRESSIVE;
				CLANG_CXX_LANGUAGE_STANDARD = "gnu++14";
				CLANG_CXX_LIBRARY = "libc++";
				CLANG_ENABLE_MODULES = YES;
				CLANG_ENABLE_OBJC_ARC = YES;
				CLANG_ENABLE_OBJC_WEAK = YES;
				CLANG_WARN_BLOCK_CAPTURE_AUTORELEASING = YES;
				CLANG_WARN_BOOL_CONVERSION = YES;
				CLANG_WARN_COMMA = YES;
				CLANG_WARN_CONSTANT_CONVERSION = YES;
				CLANG_WARN_DEPRECATED_OBJC_IMPLEMENTATIONS = YES;
				CLANG_WARN_DIRECT_OBJC_ISA_USAGE = YES_ERROR;
				CLANG_WARN_DOCUMENTATION_COMMENTS = YES;
				CLANG_WARN_EMPTY_BODY = YES;
				CLANG_WARN_ENUM_CONVERSION = YES;
				CLANG_WARN_INFINITE_RECURSION = YES;
				CLANG_WARN_INT_CONVERSION = YES;
				CLANG_WARN_NON_LITERAL_NULL_CONVERSION = YES;
				CLANG_WARN_OBJC_IMPLICIT_RETAIN_SELF = YES;
				CLANG_WARN_OBJC_LITERAL_CONVERSION = YES;
				CLANG_WARN_OBJC_ROOT_CLASS = YES_ERROR;
				CLANG_WARN_RANGE_LOOP_ANALYSIS = YES;
				CLANG_WARN_STRICT_PROTOTYPES = YES;
				CLANG_WARN_SUSPICIOUS_MOVE = YES;
				CLANG_WARN_UNGUARDED_AVAILABILITY = YES_AGGRESSIVE;
				CLANG_WARN_UNREACHABLE_CODE = YES;
				CLANG_WARN__DUPLICATE_METHOD_MATCH = YES;
				COPY_PHASE_STRIP = NO;
				DEBUG_INFORMATION_FORMAT = "dwarf-with-dsym";
				ENABLE_NS_ASSERTIONS = NO;
				ENABLE_STRICT_OBJC_MSGSEND = YES;
				GCC_C_LANGUAGE_STANDARD = gnu11;
				GCC_NO_COMMON_BLOCKS = YES;
				GCC_WARN_64_TO_32_BIT_CONVERSION = YES;
				GCC_WARN_ABOUT_RETURN_TYPE = YES_ERROR;
				GCC_WARN_UNDECLARED_SELECTOR = YES;
				GCC_WARN_UNINITIALIZED_AUTOS = YES_AGGRESSIVE;
				GCC_WARN_UNUSED_FUNCTION = YES;
				GCC_WARN_UNUSED_VARIABLE = YES;
				IPHONEOS_DEPLOYMENT_TARGET = 13.7;
				MTL_ENABLE_DEBUG_INFO = NO;
				MTL_FAST_MATH = YES;
				SDKROOT = iphoneos;
				SWIFT_COMPILATION_MODE = wholemodule;
				SWIFT_OPTIMIZATION_LEVEL = "-O";
				VALIDATE_PRODUCT = YES;
			};
			name = Release;
		};
		48664616258A274700507274 /* Debug */ = {
			isa = XCBuildConfiguration;
			buildSettings = {
				ASSETCATALOG_COMPILER_APPICON_NAME = AppIcon;
				CODE_SIGN_STYLE = Automatic;
				INFOPLIST_FILE = test/Info.plist;
				LD_RUNPATH_SEARCH_PATHS = (
					"$(inherited)",
					"@executable_path/Frameworks",
				);
				PRODUCT_BUNDLE_IDENTIFIER = ru.piterrus.test;
				PRODUCT_NAME = "$(TARGET_NAME)";
				SWIFT_VERSION = 5.0;
				TARGETED_DEVICE_FAMILY = "1,2";
			};
			name = Debug;
		};
		48664617258A274700507274 /* Release */ = {
			isa = XCBuildConfiguration;
			buildSettings = {
				ASSETCATALOG_COMPILER_APPICON_NAME = AppIcon;
				CODE_SIGN_STYLE = Automatic;
				INFOPLIST_FILE = test/Info.plist;
				LD_RUNPATH_SEARCH_PATHS = (
					"$(inherited)",
					"@executable_path/Frameworks",
				);
				PRODUCT_BUNDLE_IDENTIFIER = ru.piterrus.test;
				PRODUCT_NAME = "$(TARGET_NAME)";
				SWIFT_VERSION = 5.0;
				TARGETED_DEVICE_FAMILY = "1,2";
			};
			name = Release;
		};
/* End XCBuildConfiguration section */

/* Begin XCConfigurationList section */
		486645F9258A274300507274 /* Build configuration list for PBXProject "test" */ = {
			isa = XCConfigurationList;
			buildConfigurations = (
				48664613258A274700507274 /* Debug */,
				48664614258A274700507274 /* Release */,
			);
			defaultConfigurationIsVisible = 0;
			defaultConfigurationName = Release;
		};
		48664615258A274700507274 /* Build configuration list for PBXNativeTarget "test" */ = {
			isa = XCConfigurationList;
			buildConfigurations = (
				48664616258A274700507274 /* Debug */,
				48664617258A274700507274 /* Release */,
			);
			defaultConfigurationIsVisible = 0;
			defaultConfigurationName = Release;
		};
/* End XCConfigurationList section */

/* Begin XCVersionGroup section */
		4866460A258A274300507274 /* test.xcdatamodeld */ = {
			isa = XCVersionGroup;
			children = (
				4866460B258A274300507274 /* test.xcdatamodel */,
			);
			currentVersion = 4866460B258A274300507274 /* test.xcdatamodel */;
			path = test.xcdatamodeld;
			sourceTree = "<group>";
			versionGroupType = wrapper.xcdatamodel;
		};
/* End XCVersionGroup section */
	};
	rootObject = 486645F6258A274300507274 /* Project object */;
}
